
Microsoft Visual Studio Solution File, Format Version 12.00
# Visual Studio 2013
VisualStudioVersion = 12.0.0.0
MinimumVisualStudioVersion = 10.0.0.1
Project("{2150E333-8FDC-42A3-9474-1A3956D46DE8}") = "src", "src", "{4A8BE8CE-162A-4034-85DB-179355FC000B}"
EndProject
Project("{2150E333-8FDC-42A3-9474-1A3956D46DE8}") = "test", "test", "{ED1E78DB-498D-43D2-87E2-19D3B02F1F30}"
EndProject
Project("{FAE04EC0-301F-11D3-BF4B-00C04F79EFBC}") = "Eventure", "src\Eventure\Eventure.csproj", "{DA3EE2F8-557C-432D-B6F5-1513234A5172}"
EndProject
Project("{FAE04EC0-301F-11D3-BF4B-00C04F79EFBC}") = "Eventure.Test", "test\Eventure.Test\Eventure.Test.csproj", "{8EC262FA-BAE1-4C08-92F7-5A6842FF2B41}"
EndProject
Global
	GlobalSection(SolutionConfigurationPlatforms) = preSolution
		Debug|Any CPU = Debug|Any CPU
		Release|Any CPU = Release|Any CPU
	EndGlobalSection
	GlobalSection(ProjectConfigurationPlatforms) = postSolution
		{DA3EE2F8-557C-432D-B6F5-1513234A5172}.Debug|Any CPU.ActiveCfg = Debug|Any CPU
		{DA3EE2F8-557C-432D-B6F5-1513234A5172}.Debug|Any CPU.Build.0 = Debug|Any CPU
		{DA3EE2F8-557C-432D-B6F5-1513234A5172}.Release|Any CPU.ActiveCfg = Release|Any CPU
		{DA3EE2F8-557C-432D-B6F5-1513234A5172}.Release|Any CPU.Build.0 = Release|Any CPU
		{8EC262FA-BAE1-4C08-92F7-5A6842FF2B41}.Debug|Any CPU.ActiveCfg = Debug|Any CPU
		{8EC262FA-BAE1-4C08-92F7-5A6842FF2B41}.Debug|Any CPU.Build.0 = Debug|Any CPU
		{8EC262FA-BAE1-4C08-92F7-5A6842FF2B41}.Release|Any CPU.ActiveCfg = Release|Any CPU
		{8EC262FA-BAE1-4C08-92F7-5A6842FF2B41}.Release|Any CPU.Build.0 = Release|Any CPU
	EndGlobalSection
	GlobalSection(SolutionProperties) = preSolution
		HideSolutionNode = FALSE
	EndGlobalSection
	GlobalSection(NestedProjects) = preSolution
		{DA3EE2F8-557C-432D-B6F5-1513234A5172} = {4A8BE8CE-162A-4034-85DB-179355FC000B}
		{8EC262FA-BAE1-4C08-92F7-5A6842FF2B41} = {ED1E78DB-498D-43D2-87E2-19D3B02F1F30}
	EndGlobalSection
EndGlobal
