
Microsoft Visual Studio Solution File, Format Version 12.00
# Visual Studio 2013
VisualStudioVersion = 12.0.0.0
MinimumVisualStudioVersion = 10.0.0.1
Project("{2150E333-8FDC-42A3-9474-1A3956D46DE8}") = "src", "src", "{4A8BE8CE-162A-4034-85DB-179355FC000B}"
EndProject
Project("{2150E333-8FDC-42A3-9474-1A3956D46DE8}") = "test", "test", "{ED1E78DB-498D-43D2-87E2-19D3B02F1F30}"
EndProject
Project("{FAE04EC0-301F-11D3-BF4B-00C04F79EFBC}") = "Eventure", "src\Eventure\Eventure.csproj", "{DA3EE2F8-557C-432D-B6F5-1513234A5172}"
EndProject
Project("{FAE04EC0-301F-11D3-BF4B-00C04F79EFBC}") = "Eventure.Command", "src\Eventure.Command\Eventure.Command.csproj", "{B91852B2-4090-4622-A575-00CA5376979E}"
EndProject
Project("{FAE04EC0-301F-11D3-BF4B-00C04F79EFBC}") = "Eventure.Domain", "src\Eventure.Domain\Eventure.Domain.csproj", "{B7BD6DB6-644F-412C-9E77-7530374498CE}"
EndProject
Project("{FAE04EC0-301F-11D3-BF4B-00C04F79EFBC}") = "Eventure.ReadModel", "src\Eventure.ReadModel\Eventure.ReadModel.csproj", "{D98FBD2D-3C5A-442A-8957-E94F60247BD0}"
EndProject
Project("{FAE04EC0-301F-11D3-BF4B-00C04F79EFBC}") = "Eventure.Command.Test", "test\Eventure.Command.Test\Eventure.Command.Test.csproj", "{83E11888-E463-42D8-8155-1D2538778BAC}"
EndProject
Project("{FAE04EC0-301F-11D3-BF4B-00C04F79EFBC}") = "Eventure.Query", "src\Eventure.Query\Eventure.Query.csproj", "{12A15FCE-75A9-42A3-ABFD-F33F41087879}"
EndProject
Project("{FAE04EC0-301F-11D3-BF4B-00C04F79EFBC}") = "Eventure.Domain.Test", "test\Eventure.Domain.Test\Eventure.Domain.Test.csproj", "{03EFD60F-9B1C-4CC3-B3BD-45E35C5D6F89}"
EndProject
Project("{FAE04EC0-301F-11D3-BF4B-00C04F79EFBC}") = "Eventure.ReadModel.Test", "test\Eventure.ReadModel.Test\Eventure.ReadModel.Test.csproj", "{594341D5-1CE7-4315-8310-84C1605858B9}"
EndProject
Project("{FAE04EC0-301F-11D3-BF4B-00C04F79EFBC}") = "Eventure.Query.Test", "test\Eventure.Query.Test\Eventure.Query.Test.csproj", "{7196E1DF-0CDC-462C-81FE-EB0AA6ED96C1}"
EndProject
Global
	GlobalSection(SolutionConfigurationPlatforms) = preSolution
		Debug|Any CPU = Debug|Any CPU
		Release|Any CPU = Release|Any CPU
	EndGlobalSection
	GlobalSection(ProjectConfigurationPlatforms) = postSolution
		{DA3EE2F8-557C-432D-B6F5-1513234A5172}.Debug|Any CPU.ActiveCfg = Debug|Any CPU
		{DA3EE2F8-557C-432D-B6F5-1513234A5172}.Debug|Any CPU.Build.0 = Debug|Any CPU
		{DA3EE2F8-557C-432D-B6F5-1513234A5172}.Release|Any CPU.ActiveCfg = Release|Any CPU
		{DA3EE2F8-557C-432D-B6F5-1513234A5172}.Release|Any CPU.Build.0 = Release|Any CPU
		{B91852B2-4090-4622-A575-00CA5376979E}.Debug|Any CPU.ActiveCfg = Debug|Any CPU
		{B91852B2-4090-4622-A575-00CA5376979E}.Debug|Any CPU.Build.0 = Debug|Any CPU
		{B91852B2-4090-4622-A575-00CA5376979E}.Release|Any CPU.ActiveCfg = Release|Any CPU
		{B91852B2-4090-4622-A575-00CA5376979E}.Release|Any CPU.Build.0 = Release|Any CPU
		{B7BD6DB6-644F-412C-9E77-7530374498CE}.Debug|Any CPU.ActiveCfg = Debug|Any CPU
		{B7BD6DB6-644F-412C-9E77-7530374498CE}.Debug|Any CPU.Build.0 = Debug|Any CPU
		{B7BD6DB6-644F-412C-9E77-7530374498CE}.Release|Any CPU.ActiveCfg = Release|Any CPU
		{B7BD6DB6-644F-412C-9E77-7530374498CE}.Release|Any CPU.Build.0 = Release|Any CPU
		{D98FBD2D-3C5A-442A-8957-E94F60247BD0}.Debug|Any CPU.ActiveCfg = Debug|Any CPU
		{D98FBD2D-3C5A-442A-8957-E94F60247BD0}.Debug|Any CPU.Build.0 = Debug|Any CPU
		{D98FBD2D-3C5A-442A-8957-E94F60247BD0}.Release|Any CPU.ActiveCfg = Release|Any CPU
		{D98FBD2D-3C5A-442A-8957-E94F60247BD0}.Release|Any CPU.Build.0 = Release|Any CPU
		{83E11888-E463-42D8-8155-1D2538778BAC}.Debug|Any CPU.ActiveCfg = Debug|Any CPU
		{83E11888-E463-42D8-8155-1D2538778BAC}.Debug|Any CPU.Build.0 = Debug|Any CPU
		{83E11888-E463-42D8-8155-1D2538778BAC}.Release|Any CPU.ActiveCfg = Release|Any CPU
		{83E11888-E463-42D8-8155-1D2538778BAC}.Release|Any CPU.Build.0 = Release|Any CPU
		{12A15FCE-75A9-42A3-ABFD-F33F41087879}.Debug|Any CPU.ActiveCfg = Debug|Any CPU
		{12A15FCE-75A9-42A3-ABFD-F33F41087879}.Debug|Any CPU.Build.0 = Debug|Any CPU
		{12A15FCE-75A9-42A3-ABFD-F33F41087879}.Release|Any CPU.ActiveCfg = Release|Any CPU
		{12A15FCE-75A9-42A3-ABFD-F33F41087879}.Release|Any CPU.Build.0 = Release|Any CPU
		{03EFD60F-9B1C-4CC3-B3BD-45E35C5D6F89}.Debug|Any CPU.ActiveCfg = Debug|Any CPU
		{03EFD60F-9B1C-4CC3-B3BD-45E35C5D6F89}.Debug|Any CPU.Build.0 = Debug|Any CPU
		{03EFD60F-9B1C-4CC3-B3BD-45E35C5D6F89}.Release|Any CPU.ActiveCfg = Release|Any CPU
		{03EFD60F-9B1C-4CC3-B3BD-45E35C5D6F89}.Release|Any CPU.Build.0 = Release|Any CPU
		{594341D5-1CE7-4315-8310-84C1605858B9}.Debug|Any CPU.ActiveCfg = Debug|Any CPU
		{594341D5-1CE7-4315-8310-84C1605858B9}.Debug|Any CPU.Build.0 = Debug|Any CPU
		{594341D5-1CE7-4315-8310-84C1605858B9}.Release|Any CPU.ActiveCfg = Release|Any CPU
		{594341D5-1CE7-4315-8310-84C1605858B9}.Release|Any CPU.Build.0 = Release|Any CPU
		{7196E1DF-0CDC-462C-81FE-EB0AA6ED96C1}.Debug|Any CPU.ActiveCfg = Debug|Any CPU
		{7196E1DF-0CDC-462C-81FE-EB0AA6ED96C1}.Debug|Any CPU.Build.0 = Debug|Any CPU
		{7196E1DF-0CDC-462C-81FE-EB0AA6ED96C1}.Release|Any CPU.ActiveCfg = Release|Any CPU
		{7196E1DF-0CDC-462C-81FE-EB0AA6ED96C1}.Release|Any CPU.Build.0 = Release|Any CPU
	EndGlobalSection
	GlobalSection(SolutionProperties) = preSolution
		HideSolutionNode = FALSE
	EndGlobalSection
	GlobalSection(NestedProjects) = preSolution
		{DA3EE2F8-557C-432D-B6F5-1513234A5172} = {4A8BE8CE-162A-4034-85DB-179355FC000B}
		{B91852B2-4090-4622-A575-00CA5376979E} = {4A8BE8CE-162A-4034-85DB-179355FC000B}
		{B7BD6DB6-644F-412C-9E77-7530374498CE} = {4A8BE8CE-162A-4034-85DB-179355FC000B}
		{D98FBD2D-3C5A-442A-8957-E94F60247BD0} = {4A8BE8CE-162A-4034-85DB-179355FC000B}
		{83E11888-E463-42D8-8155-1D2538778BAC} = {ED1E78DB-498D-43D2-87E2-19D3B02F1F30}
		{12A15FCE-75A9-42A3-ABFD-F33F41087879} = {4A8BE8CE-162A-4034-85DB-179355FC000B}
		{03EFD60F-9B1C-4CC3-B3BD-45E35C5D6F89} = {ED1E78DB-498D-43D2-87E2-19D3B02F1F30}
		{594341D5-1CE7-4315-8310-84C1605858B9} = {ED1E78DB-498D-43D2-87E2-19D3B02F1F30}
		{7196E1DF-0CDC-462C-81FE-EB0AA6ED96C1} = {ED1E78DB-498D-43D2-87E2-19D3B02F1F30}
	EndGlobalSection
EndGlobal
